
Microsoft Visual Studio Solution File, Format Version 12.00
# Visual Studio Version 16
VisualStudioVersion = 16.0.29728.190
MinimumVisualStudioVersion = 10.0.40219.1
Project("{FAE04EC0-301F-11D3-BF4B-00C04F79EFBC}") = "Service", "Service\Service.csproj", "{6291CD95-BBFB-441A-A107-D9708BA67717}"
EndProject
Global
	GlobalSection(SolutionConfigurationPlatforms) = preSolution
		Debug|Any CPU = Debug|Any CPU
		Release|Any CPU = Release|Any CPU
	EndGlobalSection
	GlobalSection(ProjectConfigurationPlatforms) = postSolution
		{6291CD95-BBFB-441A-A107-D9708BA67717}.Debug|Any CPU.ActiveCfg = Debug|Any CPU
		{6291CD95-BBFB-441A-A107-D9708BA67717}.Debug|Any CPU.Build.0 = Debug|Any CPU
		{6291CD95-BBFB-441A-A107-D9708BA67717}.Release|Any CPU.ActiveCfg = Release|Any CPU
		{6291CD95-BBFB-441A-A107-D9708BA67717}.Release|Any CPU.Build.0 = Release|Any CPU
	EndGlobalSection
	GlobalSection(SolutionProperties) = preSolution
		HideSolutionNode = FALSE
	EndGlobalSection
	GlobalSection(ExtensibilityGlobals) = postSolution
		SolutionGuid = {1A696A33-6747-44A9-A568-6EC594861AFE}
	EndGlobalSection
EndGlobal
